{
	"name": "fastify-openapi-validator",
	"version": "4.12.0-beta.2",
	"lockfileVersion": 1,
	"requires": true,
	"dependencies": {
		"@types/accepts": {
			"version": "1.3.5",
			"resolved": "https://registry.npmjs.org/@types/accepts/-/accepts-1.3.5.tgz",
			"integrity": "sha512-jOdnI/3qTpHABjM5cx1Hc0sKsPoYCp+DP/GJRGtDlPd7fiV9oXGGIcjW/ZOxLIvjGz8MA+uMZI9metHlgqbgwQ==",
			"dev": true,
			"requires": {
				"@types/node": "*"
			}
		},
		"@types/body-parser": {
			"version": "1.19.0",
			"resolved": "https://registry.npmjs.org/@types/body-parser/-/body-parser-1.19.0.tgz",
			"integrity": "sha512-W98JrE0j2K78swW4ukqMleo8R7h/pFETjM2DQ90MF6XK2i4LO4W3gQ71Lt4w3bfm2EvVSyWHplECvB5sK22yFQ==",
			"requires": {
				"@types/connect": "*",
				"@types/node": "*"
			}
		},
		"@types/connect": {
			"version": "3.4.34",
			"resolved": "https://registry.npmjs.org/@types/connect/-/connect-3.4.34.tgz",
			"integrity": "sha512-ePPA/JuI+X0vb+gSWlPKOY0NdNAie/rPUqX2GUPpbZwiKTkSPhjXWuee47E4MtE54QVzGCQMQkAL6JhV2E1+cQ==",
			"requires": {
				"@types/node": "*"
			}
		},
		"@types/content-disposition": {
			"version": "0.5.3",
			"resolved": "https://registry.npmjs.org/@types/content-disposition/-/content-disposition-0.5.3.tgz",
			"integrity": "sha512-P1bffQfhD3O4LW0ioENXUhZ9OIa0Zn+P7M+pWgkCKaT53wVLSq0mrKksCID/FGHpFhRSxRGhgrQmfhRuzwtKdg==",
			"dev": true
		},
		"@types/cookies": {
			"version": "0.7.6",
			"resolved": "https://registry.npmjs.org/@types/cookies/-/cookies-0.7.6.tgz",
			"integrity": "sha512-FK4U5Qyn7/Sc5ih233OuHO0qAkOpEcD/eG6584yEiLKizTFRny86qHLe/rej3HFQrkBuUjF4whFliAdODbVN/w==",
			"dev": true,
			"requires": {
				"@types/connect": "*",
				"@types/express": "*",
				"@types/keygrip": "*",
				"@types/node": "*"
			}
		},
		"@types/express": {
			"version": "4.17.11",
			"resolved": "https://registry.npmjs.org/@types/express/-/express-4.17.11.tgz",
			"integrity": "sha512-no+R6rW60JEc59977wIxreQVsIEOAYwgCqldrA/vkpCnbD7MqTefO97lmoBe4WE0F156bC4uLSP1XHDOySnChg==",
			"requires": {
				"@types/body-parser": "*",
				"@types/express-serve-static-core": "^4.17.18",
				"@types/qs": "*",
				"@types/serve-static": "*"
			}
		},
		"@types/express-serve-static-core": {
			"version": "4.17.18",
			"resolved": "https://registry.npmjs.org/@types/express-serve-static-core/-/express-serve-static-core-4.17.18.tgz",
			"integrity": "sha512-m4JTwx5RUBNZvky/JJ8swEJPKFd8si08pPF2PfizYjGZOKr/svUWPcoUmLow6MmPzhasphB7gSTINY67xn3JNA==",
			"requires": {
				"@types/node": "*",
				"@types/qs": "*",
				"@types/range-parser": "*"
			}
		},
		"@types/http-assert": {
			"version": "1.5.1",
			"resolved": "https://registry.npmjs.org/@types/http-assert/-/http-assert-1.5.1.tgz",
			"integrity": "sha512-PGAK759pxyfXE78NbKxyfRcWYA/KwW17X290cNev/qAsn9eQIxkH4shoNBafH37wewhDG/0p1cHPbK6+SzZjWQ==",
			"dev": true
		},
		"@types/http-errors": {
			"version": "1.8.0",
			"resolved": "https://registry.npmjs.org/@types/http-errors/-/http-errors-1.8.0.tgz",
			"integrity": "sha512-2aoSC4UUbHDj2uCsCxcG/vRMXey/m17bC7UwitVm5hn22nI8O8Y9iDpA76Orc+DWkQ4zZrOKEshCqR/jSuXAHA==",
			"dev": true
		},
		"@types/keygrip": {
			"version": "1.0.2",
			"resolved": "https://registry.npmjs.org/@types/keygrip/-/keygrip-1.0.2.tgz",
			"integrity": "sha512-GJhpTepz2udxGexqos8wgaBx4I/zWIDPh/KOGEwAqtuGDkOUJu5eFvwmdBX4AmB8Odsr+9pHCQqiAqDL/yKMKw==",
			"dev": true
		},
		"@types/koa": {
			"version": "2.11.6",
			"resolved": "https://registry.npmjs.org/@types/koa/-/koa-2.11.6.tgz",
			"integrity": "sha512-BhyrMj06eQkk04C97fovEDQMpLpd2IxCB4ecitaXwOKGq78Wi2tooaDOWOFGajPk8IkQOAtMppApgSVkYe1F/A==",
			"dev": true,
			"requires": {
				"@types/accepts": "*",
				"@types/content-disposition": "*",
				"@types/cookies": "*",
				"@types/http-assert": "*",
				"@types/http-errors": "*",
				"@types/keygrip": "*",
				"@types/koa-compose": "*",
				"@types/node": "*"
			}
		},
		"@types/koa-compose": {
			"version": "3.2.5",
			"resolved": "https://registry.npmjs.org/@types/koa-compose/-/koa-compose-3.2.5.tgz",
			"integrity": "sha512-B8nG/OoE1ORZqCkBVsup/AKcvjdgoHnfi4pZMn5UwAPCbhk/96xyv284eBYW8JlQbQ7zDmnpFr68I/40mFoIBQ==",
			"dev": true,
			"requires": {
				"@types/koa": "*"
			}
		},
		"@types/mime": {
			"version": "2.0.3",
			"resolved": "https://registry.npmjs.org/@types/mime/-/mime-2.0.3.tgz",
			"integrity": "sha512-Jus9s4CDbqwocc5pOAnh8ShfrnMcPHuJYzVcSUU7lrh8Ni5HuIqX3oilL86p3dlTrk0LzHRCgA/GQ7uNCw6l2Q=="
		},
		"@types/multer": {
			"version": "1.4.5",
			"resolved": "https://registry.npmjs.org/@types/multer/-/multer-1.4.5.tgz",
			"integrity": "sha512-9b/0a8JyrR0r2nQhL73JR86obWL7cogfX12augvlrvcpciCo/hkvEsgu80Z4S2g2DHGVXHr8pUIi1VhqFJ8Ufw==",
			"requires": {
				"@types/express": "*"
			}
		},
		"@types/node": {
			"version": "14.14.21",
			"resolved": "https://registry.npmjs.org/@types/node/-/node-14.14.21.tgz",
			"integrity": "sha512-cHYfKsnwllYhjOzuC5q1VpguABBeecUp24yFluHpn/BQaVxB1CuQ1FSRZCzrPxrkIfWISXV2LbeoBthLWg0+0A=="
		},
		"@types/qs": {
			"version": "6.9.5",
			"resolved": "https://registry.npmjs.org/@types/qs/-/qs-6.9.5.tgz",
			"integrity": "sha512-/JHkVHtx/REVG0VVToGRGH2+23hsYLHdyG+GrvoUGlGAd0ErauXDyvHtRI/7H7mzLm+tBCKA7pfcpkQ1lf58iQ=="
		},
		"@types/range-parser": {
			"version": "1.2.3",
			"resolved": "https://registry.npmjs.org/@types/range-parser/-/range-parser-1.2.3.tgz",
			"integrity": "sha512-ewFXqrQHlFsgc09MK5jP5iR7vumV/BYayNC6PgJO2LPe8vrnNFyjQjSppfEngITi0qvfKtzFvgKymGheFM9UOA=="
		},
		"@types/serve-static": {
			"version": "1.13.8",
			"resolved": "https://registry.npmjs.org/@types/serve-static/-/serve-static-1.13.8.tgz",
			"integrity": "sha512-MoJhSQreaVoL+/hurAZzIm8wafFR6ajiTM1m4A0kv6AGeVBl4r4pOV8bGFrjjq1sGxDTnCoF8i22o0/aE5XCyA==",
			"requires": {
				"@types/mime": "*",
				"@types/node": "*"
			}
		},
		"arg": {
			"version": "4.1.3",
			"resolved": "https://registry.npmjs.org/arg/-/arg-4.1.3.tgz",
			"integrity": "sha512-58S9QDqG0Xx27YwPSt9fJxivjYl432YCwfDMfZ+71RAqUrZef7LrKQZ3LHLOwCS4FLNBplP533Zx895SeOCHvA==",
			"dev": true
		},
		"buffer-from": {
			"version": "1.1.1",
			"resolved": "https://registry.npmjs.org/buffer-from/-/buffer-from-1.1.1.tgz",
			"integrity": "sha512-MQcXEUbCKtEo7bhqEs6560Hyd4XaovZlO/k9V3hjVUF/zwW7KBVdSK4gIt/bzwS9MbR5qob+F5jusZsb0YQK2A==",
			"dev": true
		},
		"create-require": {
			"version": "1.1.1",
			"resolved": "https://registry.npmjs.org/create-require/-/create-require-1.1.1.tgz",
			"integrity": "sha512-dcKFX3jn0MpIaXjisoRvexIJVEKzaq7z2rZKxf+MSr9TkdmHmsU4m2lcLojrj/FHl8mk5VxMmYA+ftRkP/3oKQ==",
			"dev": true
		},
		"diff": {
			"version": "4.0.2",
			"resolved": "https://registry.npmjs.org/diff/-/diff-4.0.2.tgz",
			"integrity": "sha512-58lmxKSA4BNyLz+HHMUzlOEpg09FV+ev6ZMe3vJihgdxzgcwZ8VoEEPmALCZG9LmqfVoNMMKpttIYTVG6uDY7A==",
			"dev": true
		},
		"fastify-plugin": {
			"version": "2.3.4",
			"resolved": "https://registry.npmjs.org/fastify-plugin/-/fastify-plugin-2.3.4.tgz",
			"integrity": "sha512-I+Oaj6p9oiRozbam30sh39BiuiqBda7yK2nmSPVwDCfIBlKnT8YB3MY+pRQc2Fcd07bf6KPGklHJaQ2Qu81TYQ==",
			"requires": {
				"semver": "^7.3.2"
			}
		},
		"lru-cache": {
			"version": "6.0.0",
			"resolved": "https://registry.npmjs.org/lru-cache/-/lru-cache-6.0.0.tgz",
			"integrity": "sha512-Jo6dJ04CmSjuznwJSS3pUeWmd/H0ffTlkXXgwZi+eq1UCmqQwCh+eLsYOYCwY991i2Fah4h1BEMCx4qThGbsiA==",
			"requires": {
				"yallist": "^4.0.0"
			}
		},
		"make-error": {
			"version": "1.3.6",
			"resolved": "https://registry.npmjs.org/make-error/-/make-error-1.3.6.tgz",
			"integrity": "sha512-s8UhlNe7vPKomQhC1qFelMokr/Sc3AgNbso3n74mVPA5LTZwkB9NlXf4XPamLxJE8h0gh73rM94xvwRT2CVInw==",
			"dev": true
		},
		"semver": {
			"version": "7.3.4",
			"resolved": "https://registry.npmjs.org/semver/-/semver-7.3.4.tgz",
			"integrity": "sha512-tCfb2WLjqFAtXn4KEdxIhalnRtoKFN7nAwj0B3ZXCbQloV2tq5eDbcTmT68JJD3nRJq24/XgxtQKFIpQdtvmVw==",
			"requires": {
				"lru-cache": "^6.0.0"
			}
		},
		"source-map": {
			"version": "0.6.1",
			"resolved": "https://registry.npmjs.org/source-map/-/source-map-0.6.1.tgz",
			"integrity": "sha512-UjgapumWlbMhkBgzT7Ykc5YXUT46F0iKu8SGXq0bcwP5dz/h0Plj6enJqjz1Zbq2l5WaqYnrVbwWOWMyF3F47g==",
			"dev": true
		},
		"source-map-support": {
			"version": "0.5.19",
			"resolved": "https://registry.npmjs.org/source-map-support/-/source-map-support-0.5.19.tgz",
			"integrity": "sha512-Wonm7zOCIJzBGQdB+thsPar0kYuCIzYvxZwlBa87yi/Mdjv7Tip2cyVbLj5o0cFPN4EVkuTwb3GDDyUx2DGnGw==",
			"dev": true,
			"requires": {
				"buffer-from": "^1.0.0",
				"source-map": "^0.6.0"
			}
		},
		"ts-node": {
			"version": "9.1.1",
			"resolved": "https://registry.npmjs.org/ts-node/-/ts-node-9.1.1.tgz",
			"integrity": "sha512-hPlt7ZACERQGf03M253ytLY3dHbGNGrAq9qIHWUY9XHYl1z7wYngSr3OQ5xmui8o2AaxsONxIzjafLUiWBo1Fg==",
			"dev": true,
			"requires": {
				"arg": "^4.1.0",
				"create-require": "^1.1.0",
				"diff": "^4.0.1",
				"make-error": "^1.1.1",
				"source-map-support": "^0.5.17",
				"yn": "3.1.1"
			}
		},
		"typescript": {
			"version": "4.1.3",
			"resolved": "https://registry.npmjs.org/typescript/-/typescript-4.1.3.tgz",
			"integrity": "sha512-B3ZIOf1IKeH2ixgHhj6la6xdwR9QrLC5d1VKeCSY4tvkqhF2eqd9O7txNlS0PO3GrBAFIdr3L1ndNwteUbZLYg==",
			"dev": true
		},
		"yallist": {
			"version": "4.0.0",
			"resolved": "https://registry.npmjs.org/yallist/-/yallist-4.0.0.tgz",
			"integrity": "sha512-3wdGidZyq5PB084XLES5TpOSRA3wjXAlIWMhum2kRcv/41Sn2emQ0dycQW4uZXLejwKvg6EsvbdlVL+FYEct7A=="
		},
		"yn": {
			"version": "3.1.1",
			"resolved": "https://registry.npmjs.org/yn/-/yn-3.1.1.tgz",
			"integrity": "sha512-Ux4ygGWsu2c7isFWe8Yu1YluJmqVhxqK2cLXNQA5AcC3QfbGNpM7fu0Y8b/z16pXLnFxZYvWhd3fhBY9DLmC6Q==",
			"dev": true
		}
	}
}
